
Microsoft Visual Studio Solution File, Format Version 12.00
# Visual Studio Version 16
VisualStudioVersion = 16.0.30711.63
MinimumVisualStudioVersion = 10.0.40219.1
Project("{9A19103F-16F7-4668-BE54-9A1E7A4F7556}") = "Datavalvet-Yggio", "Datavalvet-Yggio\Datavalvet-Yggio.csproj", "{5D27CAB6-7A5E-4415-8538-0CD628213A90}"
EndProject
Global
	GlobalSection(SolutionConfigurationPlatforms) = preSolution
		Debug|Any CPU = Debug|Any CPU
		Release|Any CPU = Release|Any CPU
	EndGlobalSection
	GlobalSection(ProjectConfigurationPlatforms) = postSolution
		{5D27CAB6-7A5E-4415-8538-0CD628213A90}.Debug|Any CPU.ActiveCfg = Debug|Any CPU
		{5D27CAB6-7A5E-4415-8538-0CD628213A90}.Debug|Any CPU.Build.0 = Debug|Any CPU
		{5D27CAB6-7A5E-4415-8538-0CD628213A90}.Release|Any CPU.ActiveCfg = Release|Any CPU
		{5D27CAB6-7A5E-4415-8538-0CD628213A90}.Release|Any CPU.Build.0 = Release|Any CPU
	EndGlobalSection
	GlobalSection(SolutionProperties) = preSolution
		HideSolutionNode = FALSE
	EndGlobalSection
	GlobalSection(ExtensibilityGlobals) = postSolution
		SolutionGuid = {41D1EB25-C1AA-46DD-A314-3513E9F1303C}
	EndGlobalSection
EndGlobal
